{
  "name": "reporadar",
  "version": "0.1.0",
  "lockfileVersion": 3,
  "requires": true,
  "packages": {
    "": {
      "name": "reporadar",
      "version": "0.1.0",
      "license": "MIT",
      "bin": {
        "reporadar": "bin/reporadar.js"
      },
      "engines": {
        "node": ">=18"
      }
    }
  }
}
